
Microsoft Visual Studio Solution File, Format Version 12.00
# Visual Studio 2013
VisualStudioVersion = 12.0.21005.1
MinimumVisualStudioVersion = 10.0.40219.1
Project("{FAE04EC0-301F-11D3-BF4B-00C04F79EFBC}") = "Assembly-CSharp", "Assembly-CSharp.csproj", "{7D129765-D664-41D2-BB69-DF8FD2FCFBAE}"
EndProject
Project("{FAE04EC0-301F-11D3-BF4B-00C04F79EFBC}") = "Assembly-UnityScript-firstpass", "Assembly-UnityScript-firstpass.csproj", "{173C1CA2-137E-446F-AC48-016A255FDE70}"
EndProject
Project("{FAE04EC0-301F-11D3-BF4B-00C04F79EFBC}") = "CrossMono", "CrossMono.csproj", "{C4E13AA0-38E4-4011-9EDF-2B4AF65DAFD3}"
EndProject
Project("{FAE04EC0-301F-11D3-BF4B-00C04F79EFBC}") = "CrossMonoUnityImpl", "CrossMonoUnityImpl.csproj", "{FFEB875C-70E4-4B6B-8BC4-5EE396A7F9F8}"
EndProject
Project("{FAE04EC0-301F-11D3-BF4B-00C04F79EFBC}") = "Debuger", "Debuger.csproj", "{ED9D4DCA-C946-4038-8CCD-2F543FC029C0}"
EndProject
Project("{FAE04EC0-301F-11D3-BF4B-00C04F79EFBC}") = "GameFramework", "GameFramework.csproj", "{A9B8AE02-5F88-42C1-A51E-390E02E2EC6F}"
EndProject
Project("{FAE04EC0-301F-11D3-BF4B-00C04F79EFBC}") = "MuGame", "MuGame.csproj", "{C14D4891-40E0-40CC-8225-5F007B377030}"
EndProject
Global
	GlobalSection(SolutionConfigurationPlatforms) = preSolution
		Debug|Any CPU = Debug|Any CPU
		Release|Any CPU = Release|Any CPU
	EndGlobalSection
	GlobalSection(ProjectConfigurationPlatforms) = postSolution
		{7D129765-D664-41D2-BB69-DF8FD2FCFBAE}.Debug|Any CPU.ActiveCfg = Debug|Any CPU
		{7D129765-D664-41D2-BB69-DF8FD2FCFBAE}.Debug|Any CPU.Build.0 = Debug|Any CPU
		{7D129765-D664-41D2-BB69-DF8FD2FCFBAE}.Release|Any CPU.ActiveCfg = Release|Any CPU
		{7D129765-D664-41D2-BB69-DF8FD2FCFBAE}.Release|Any CPU.Build.0 = Release|Any CPU
		{173C1CA2-137E-446F-AC48-016A255FDE70}.Debug|Any CPU.ActiveCfg = Debug|Any CPU
		{173C1CA2-137E-446F-AC48-016A255FDE70}.Debug|Any CPU.Build.0 = Debug|Any CPU
		{173C1CA2-137E-446F-AC48-016A255FDE70}.Release|Any CPU.ActiveCfg = Release|Any CPU
		{173C1CA2-137E-446F-AC48-016A255FDE70}.Release|Any CPU.Build.0 = Release|Any CPU
		{C4E13AA0-38E4-4011-9EDF-2B4AF65DAFD3}.Debug|Any CPU.ActiveCfg = Debug|Any CPU
		{C4E13AA0-38E4-4011-9EDF-2B4AF65DAFD3}.Debug|Any CPU.Build.0 = Debug|Any CPU
		{C4E13AA0-38E4-4011-9EDF-2B4AF65DAFD3}.Release|Any CPU.ActiveCfg = Release|Any CPU
		{C4E13AA0-38E4-4011-9EDF-2B4AF65DAFD3}.Release|Any CPU.Build.0 = Release|Any CPU
		{FFEB875C-70E4-4B6B-8BC4-5EE396A7F9F8}.Debug|Any CPU.ActiveCfg = Debug|Any CPU
		{FFEB875C-70E4-4B6B-8BC4-5EE396A7F9F8}.Debug|Any CPU.Build.0 = Debug|Any CPU
		{FFEB875C-70E4-4B6B-8BC4-5EE396A7F9F8}.Release|Any CPU.ActiveCfg = Release|Any CPU
		{FFEB875C-70E4-4B6B-8BC4-5EE396A7F9F8}.Release|Any CPU.Build.0 = Release|Any CPU
		{ED9D4DCA-C946-4038-8CCD-2F543FC029C0}.Debug|Any CPU.ActiveCfg = Debug|Any CPU
		{ED9D4DCA-C946-4038-8CCD-2F543FC029C0}.Debug|Any CPU.Build.0 = Debug|Any CPU
		{ED9D4DCA-C946-4038-8CCD-2F543FC029C0}.Release|Any CPU.ActiveCfg = Release|Any CPU
		{ED9D4DCA-C946-4038-8CCD-2F543FC029C0}.Release|Any CPU.Build.0 = Release|Any CPU
		{A9B8AE02-5F88-42C1-A51E-390E02E2EC6F}.Debug|Any CPU.ActiveCfg = Debug|Any CPU
		{A9B8AE02-5F88-42C1-A51E-390E02E2EC6F}.Debug|Any CPU.Build.0 = Debug|Any CPU
		{A9B8AE02-5F88-42C1-A51E-390E02E2EC6F}.Release|Any CPU.ActiveCfg = Release|Any CPU
		{A9B8AE02-5F88-42C1-A51E-390E02E2EC6F}.Release|Any CPU.Build.0 = Release|Any CPU
		{C14D4891-40E0-40CC-8225-5F007B377030}.Debug|Any CPU.ActiveCfg = Debug|Any CPU
		{C14D4891-40E0-40CC-8225-5F007B377030}.Debug|Any CPU.Build.0 = Debug|Any CPU
		{C14D4891-40E0-40CC-8225-5F007B377030}.Release|Any CPU.ActiveCfg = Release|Any CPU
		{C14D4891-40E0-40CC-8225-5F007B377030}.Release|Any CPU.Build.0 = Release|Any CPU
	EndGlobalSection
	GlobalSection(SolutionProperties) = preSolution
		HideSolutionNode = FALSE
	EndGlobalSection
EndGlobal
